
Microsoft Visual Studio Solution File, Format Version 12.00
# Visual Studio 14
VisualStudioVersion = 14.0.25420.1
MinimumVisualStudioVersion = 10.0.40219.1
Project("{8BC9CEB8-8B4A-11D0-8D11-00A0C91BC942}") = "TF2SchemaTools.ext.2.tf2.2013.Release", "TF2SchemaTools.ext.2.tf2.2013.Release.vcxproj", "{5CD87A80-7649-11E6-AF8C-A0F3C1004345}"
EndProject
Project("{8BC9CEB8-8B4A-11D0-8D11-00A0C91BC942}") = "TF2SchemaTools.ext.2.tf2.2013.Debug", "TF2SchemaTools.ext.2.tf2.2013.Debug.vcxproj", "{5CB89670-7649-11E6-988F-A0F3C1004345}"
EndProject
Project("{8BC9CEB8-8B4A-11D0-8D11-00A0C91BC942}") = "TF2SchemaTools.ext.2.tf2.2012.Release", "TF2SchemaTools.ext.2.tf2.2012.Release.vcxproj", "{5C272BDE-7649-11E6-B56F-A0F3C1004345}"
EndProject
Project("{8BC9CEB8-8B4A-11D0-8D11-00A0C91BC942}") = "TF2SchemaTools.ext.2.tf2.2012.Debug", "TF2SchemaTools.ext.2.tf2.2012.Debug.vcxproj", "{5B81EB30-7649-11E6-A37D-A0F3C1004345}"
EndProject
Project("{8BC9CEB8-8B4A-11D0-8D11-00A0C91BC942}") = "TF2SchemaTools.ext.2.tf2.2010.Release", "TF2SchemaTools.ext.2.tf2.2010.Release.vcxproj", "{5AF51480-7649-11E6-8A58-A0F3C1004345}"
EndProject
Project("{8BC9CEB8-8B4A-11D0-8D11-00A0C91BC942}") = "TF2SchemaTools.ext.2.tf2.2010.Debug", "TF2SchemaTools.ext.2.tf2.2010.Debug.vcxproj", "{5A80CEE1-7649-11E6-B95F-A0F3C1004345}"
EndProject
Global
	GlobalSection(SolutionConfigurationPlatforms) = preSolution
		TF2_2010_Debug|x86 = TF2_2010_Debug|x86
		TF2_2010_Release|x86 = TF2_2010_Release|x86
		TF2_2012_Debug|x86 = TF2_2012_Debug|x86
		TF2_2012_Release|x86 = TF2_2012_Release|x86
		TF2_2013_Debug|x86 = TF2_2013_Debug|x86
		TF2_2013_Release|x86 = TF2_2013_Release|x86
	EndGlobalSection
	GlobalSection(ProjectConfigurationPlatforms) = postSolution
		{5CD87A80-7649-11E6-AF8C-A0F3C1004345}.TF2_2010_Debug|x86.ActiveCfg = TF2_2013_Release|Win32
		{5CD87A80-7649-11E6-AF8C-A0F3C1004345}.TF2_2010_Debug|x86.Build.0 = TF2_2013_Release|Win32
		{5CD87A80-7649-11E6-AF8C-A0F3C1004345}.TF2_2010_Release|x86.ActiveCfg = TF2_2013_Release|Win32
		{5CD87A80-7649-11E6-AF8C-A0F3C1004345}.TF2_2010_Release|x86.Build.0 = TF2_2013_Release|Win32
		{5CD87A80-7649-11E6-AF8C-A0F3C1004345}.TF2_2012_Debug|x86.ActiveCfg = TF2_2013_Release|Win32
		{5CD87A80-7649-11E6-AF8C-A0F3C1004345}.TF2_2012_Debug|x86.Build.0 = TF2_2013_Release|Win32
		{5CD87A80-7649-11E6-AF8C-A0F3C1004345}.TF2_2012_Release|x86.ActiveCfg = TF2_2013_Release|Win32
		{5CD87A80-7649-11E6-AF8C-A0F3C1004345}.TF2_2012_Release|x86.Build.0 = TF2_2013_Release|Win32
		{5CD87A80-7649-11E6-AF8C-A0F3C1004345}.TF2_2013_Debug|x86.ActiveCfg = TF2_2013_Release|Win32
		{5CD87A80-7649-11E6-AF8C-A0F3C1004345}.TF2_2013_Debug|x86.Build.0 = TF2_2013_Release|Win32
		{5CD87A80-7649-11E6-AF8C-A0F3C1004345}.TF2_2013_Release|x86.ActiveCfg = TF2_2013_Release|Win32
		{5CD87A80-7649-11E6-AF8C-A0F3C1004345}.TF2_2013_Release|x86.Build.0 = TF2_2013_Release|Win32
		{5CB89670-7649-11E6-988F-A0F3C1004345}.TF2_2010_Debug|x86.ActiveCfg = TF2_2013_Debug|Win32
		{5CB89670-7649-11E6-988F-A0F3C1004345}.TF2_2010_Debug|x86.Build.0 = TF2_2013_Debug|Win32
		{5CB89670-7649-11E6-988F-A0F3C1004345}.TF2_2010_Release|x86.ActiveCfg = TF2_2013_Debug|Win32
		{5CB89670-7649-11E6-988F-A0F3C1004345}.TF2_2010_Release|x86.Build.0 = TF2_2013_Debug|Win32
		{5CB89670-7649-11E6-988F-A0F3C1004345}.TF2_2012_Debug|x86.ActiveCfg = TF2_2013_Debug|Win32
		{5CB89670-7649-11E6-988F-A0F3C1004345}.TF2_2012_Debug|x86.Build.0 = TF2_2013_Debug|Win32
		{5CB89670-7649-11E6-988F-A0F3C1004345}.TF2_2012_Release|x86.ActiveCfg = TF2_2013_Debug|Win32
		{5CB89670-7649-11E6-988F-A0F3C1004345}.TF2_2012_Release|x86.Build.0 = TF2_2013_Debug|Win32
		{5CB89670-7649-11E6-988F-A0F3C1004345}.TF2_2013_Debug|x86.ActiveCfg = TF2_2013_Debug|Win32
		{5CB89670-7649-11E6-988F-A0F3C1004345}.TF2_2013_Debug|x86.Build.0 = TF2_2013_Debug|Win32
		{5CB89670-7649-11E6-988F-A0F3C1004345}.TF2_2013_Release|x86.ActiveCfg = TF2_2013_Debug|Win32
		{5CB89670-7649-11E6-988F-A0F3C1004345}.TF2_2013_Release|x86.Build.0 = TF2_2013_Debug|Win32
		{5C272BDE-7649-11E6-B56F-A0F3C1004345}.TF2_2010_Debug|x86.ActiveCfg = TF2_2012_Release|Win32
		{5C272BDE-7649-11E6-B56F-A0F3C1004345}.TF2_2010_Debug|x86.Build.0 = TF2_2012_Release|Win32
		{5C272BDE-7649-11E6-B56F-A0F3C1004345}.TF2_2010_Release|x86.ActiveCfg = TF2_2012_Release|Win32
		{5C272BDE-7649-11E6-B56F-A0F3C1004345}.TF2_2010_Release|x86.Build.0 = TF2_2012_Release|Win32
		{5C272BDE-7649-11E6-B56F-A0F3C1004345}.TF2_2012_Debug|x86.ActiveCfg = TF2_2012_Release|Win32
		{5C272BDE-7649-11E6-B56F-A0F3C1004345}.TF2_2012_Debug|x86.Build.0 = TF2_2012_Release|Win32
		{5C272BDE-7649-11E6-B56F-A0F3C1004345}.TF2_2012_Release|x86.ActiveCfg = TF2_2012_Release|Win32
		{5C272BDE-7649-11E6-B56F-A0F3C1004345}.TF2_2012_Release|x86.Build.0 = TF2_2012_Release|Win32
		{5C272BDE-7649-11E6-B56F-A0F3C1004345}.TF2_2013_Debug|x86.ActiveCfg = TF2_2012_Release|Win32
		{5C272BDE-7649-11E6-B56F-A0F3C1004345}.TF2_2013_Release|x86.ActiveCfg = TF2_2012_Release|Win32
		{5C272BDE-7649-11E6-B56F-A0F3C1004345}.TF2_2013_Release|x86.Build.0 = TF2_2012_Release|Win32
		{5B81EB30-7649-11E6-A37D-A0F3C1004345}.TF2_2010_Debug|x86.ActiveCfg = TF2_2012_Debug|Win32
		{5B81EB30-7649-11E6-A37D-A0F3C1004345}.TF2_2010_Debug|x86.Build.0 = TF2_2012_Debug|Win32
		{5B81EB30-7649-11E6-A37D-A0F3C1004345}.TF2_2010_Release|x86.ActiveCfg = TF2_2012_Debug|Win32
		{5B81EB30-7649-11E6-A37D-A0F3C1004345}.TF2_2010_Release|x86.Build.0 = TF2_2012_Debug|Win32
		{5B81EB30-7649-11E6-A37D-A0F3C1004345}.TF2_2012_Debug|x86.ActiveCfg = TF2_2012_Debug|Win32
		{5B81EB30-7649-11E6-A37D-A0F3C1004345}.TF2_2012_Debug|x86.Build.0 = TF2_2012_Debug|Win32
		{5B81EB30-7649-11E6-A37D-A0F3C1004345}.TF2_2012_Release|x86.ActiveCfg = TF2_2012_Debug|Win32
		{5B81EB30-7649-11E6-A37D-A0F3C1004345}.TF2_2012_Release|x86.Build.0 = TF2_2012_Debug|Win32
		{5B81EB30-7649-11E6-A37D-A0F3C1004345}.TF2_2013_Debug|x86.ActiveCfg = TF2_2012_Debug|Win32
		{5B81EB30-7649-11E6-A37D-A0F3C1004345}.TF2_2013_Release|x86.ActiveCfg = TF2_2012_Debug|Win32
		{5B81EB30-7649-11E6-A37D-A0F3C1004345}.TF2_2013_Release|x86.Build.0 = TF2_2012_Debug|Win32
		{5AF51480-7649-11E6-8A58-A0F3C1004345}.TF2_2010_Debug|x86.ActiveCfg = TF2_2010_Release|Win32
		{5AF51480-7649-11E6-8A58-A0F3C1004345}.TF2_2010_Debug|x86.Build.0 = TF2_2010_Release|Win32
		{5AF51480-7649-11E6-8A58-A0F3C1004345}.TF2_2010_Release|x86.ActiveCfg = TF2_2010_Release|Win32
		{5AF51480-7649-11E6-8A58-A0F3C1004345}.TF2_2010_Release|x86.Build.0 = TF2_2010_Release|Win32
		{5AF51480-7649-11E6-8A58-A0F3C1004345}.TF2_2012_Debug|x86.ActiveCfg = TF2_2010_Release|Win32
		{5AF51480-7649-11E6-8A58-A0F3C1004345}.TF2_2012_Debug|x86.Build.0 = TF2_2010_Release|Win32
		{5AF51480-7649-11E6-8A58-A0F3C1004345}.TF2_2012_Release|x86.ActiveCfg = TF2_2010_Release|Win32
		{5AF51480-7649-11E6-8A58-A0F3C1004345}.TF2_2012_Release|x86.Build.0 = TF2_2010_Release|Win32
		{5AF51480-7649-11E6-8A58-A0F3C1004345}.TF2_2013_Debug|x86.ActiveCfg = TF2_2010_Release|Win32
		{5AF51480-7649-11E6-8A58-A0F3C1004345}.TF2_2013_Release|x86.ActiveCfg = TF2_2010_Release|Win32
		{5AF51480-7649-11E6-8A58-A0F3C1004345}.TF2_2013_Release|x86.Build.0 = TF2_2010_Release|Win32
		{5A80CEE1-7649-11E6-B95F-A0F3C1004345}.TF2_2010_Debug|x86.ActiveCfg = TF2_2010_Debug|Win32
		{5A80CEE1-7649-11E6-B95F-A0F3C1004345}.TF2_2010_Debug|x86.Build.0 = TF2_2010_Debug|Win32
		{5A80CEE1-7649-11E6-B95F-A0F3C1004345}.TF2_2010_Release|x86.ActiveCfg = TF2_2010_Debug|Win32
		{5A80CEE1-7649-11E6-B95F-A0F3C1004345}.TF2_2010_Release|x86.Build.0 = TF2_2010_Debug|Win32
		{5A80CEE1-7649-11E6-B95F-A0F3C1004345}.TF2_2012_Debug|x86.ActiveCfg = TF2_2010_Debug|Win32
		{5A80CEE1-7649-11E6-B95F-A0F3C1004345}.TF2_2012_Debug|x86.Build.0 = TF2_2010_Debug|Win32
		{5A80CEE1-7649-11E6-B95F-A0F3C1004345}.TF2_2012_Release|x86.ActiveCfg = TF2_2010_Debug|Win32
		{5A80CEE1-7649-11E6-B95F-A0F3C1004345}.TF2_2012_Release|x86.Build.0 = TF2_2010_Debug|Win32
		{5A80CEE1-7649-11E6-B95F-A0F3C1004345}.TF2_2013_Debug|x86.ActiveCfg = TF2_2010_Debug|Win32
		{5A80CEE1-7649-11E6-B95F-A0F3C1004345}.TF2_2013_Release|x86.ActiveCfg = TF2_2010_Debug|Win32
		{5A80CEE1-7649-11E6-B95F-A0F3C1004345}.TF2_2013_Release|x86.Build.0 = TF2_2010_Debug|Win32
	EndGlobalSection
	GlobalSection(SolutionProperties) = preSolution
		HideSolutionNode = FALSE
	EndGlobalSection
EndGlobal
